// !$*UTF8*$!
{
	archiveVersion = 1;
	classes = {
	};
	objectVersion = 50;
	objects = {

/* Begin PBXBuildFile section */
		0953790B24D49CEC00ECD8C2 /* Dribbble_NeumorphismApp.swift in Sources */ = {isa = PBXBuildFile; fileRef = 0953790A24D49CEC00ECD8C2 /* Dribbble_NeumorphismApp.swift */; };
		0953790D24D49CEC00ECD8C2 /* ContentView.swift in Sources */ = {isa = PBXBuildFile; fileRef = 0953790C24D49CEC00ECD8C2 /* ContentView.swift */; };
		0953790F24D49CED00ECD8C2 /* Assets.xcassets in Resources */ = {isa = PBXBuildFile; fileRef = 0953790E24D49CED00ECD8C2 /* Assets.xcassets */; };
		0953791224D49CED00ECD8C2 /* Preview Assets.xcassets in Resources */ = {isa = PBXBuildFile; fileRef = 0953791124D49CED00ECD8C2 /* Preview Assets.xcassets */; };
		0953791D24D49CEE00ECD8C2 /* Dribbble_NeumorphismTests.swift in Sources */ = {isa = PBXBuildFile; fileRef = 0953791C24D49CEE00ECD8C2 /* Dribbble_NeumorphismTests.swift */; };
		0953792824D49CEE00ECD8C2 /* Dribbble_NeumorphismUITests.swift in Sources */ = {isa = PBXBuildFile; fileRef = 0953792724D49CEE00ECD8C2 /* Dribbble_NeumorphismUITests.swift */; };
		0953793624D8577200ECD8C2 /* TestFile.swift in Sources */ = {isa = PBXBuildFile; fileRef = 0953793524D8577100ECD8C2 /* TestFile.swift */; };
		0953793824D859A800ECD8C2 /* LightSwitch.swift in Sources */ = {isa = PBXBuildFile; fileRef = 0953793724D859A800ECD8C2 /* LightSwitch.swift */; };
		0953793A24D85BCF00ECD8C2 /* AirConditioningButton.swift in Sources */ = {isa = PBXBuildFile; fileRef = 0953793924D85BCF00ECD8C2 /* AirConditioningButton.swift */; };
		0953793C24D85D0F00ECD8C2 /* MoreDevices.swift in Sources */ = {isa = PBXBuildFile; fileRef = 0953793B24D85D0F00ECD8C2 /* MoreDevices.swift */; };
		0953793E24D85DED00ECD8C2 /* Scenario.swift in Sources */ = {isa = PBXBuildFile; fileRef = 0953793D24D85DED00ECD8C2 /* Scenario.swift */; };
/* End PBXBuildFile section */

/* Begin PBXContainerItemProxy section */
		0953791924D49CEE00ECD8C2 /* PBXContainerItemProxy */ = {
			isa = PBXContainerItemProxy;
			containerPortal = 095378FF24D49CEC00ECD8C2 /* Project object */;
			proxyType = 1;
			remoteGlobalIDString = 0953790624D49CEC00ECD8C2;
			remoteInfo = "Dribbble-Neumorphism";
		};
		0953792424D49CEE00ECD8C2 /* PBXContainerItemProxy */ = {
			isa = PBXContainerItemProxy;
			containerPortal = 095378FF24D49CEC00ECD8C2 /* Project object */;
			proxyType = 1;
			remoteGlobalIDString = 0953790624D49CEC00ECD8C2;
			remoteInfo = "Dribbble-Neumorphism";
		};
/* End PBXContainerItemProxy section */

/* Begin PBXFileReference section */
		0953790724D49CEC00ECD8C2 /* Dribbble-Neumorphism.app */ = {isa = PBXFileReference; explicitFileType = wrapper.application; includeInIndex = 0; path = "Dribbble-Neumorphism.app"; sourceTree = BUILT_PRODUCTS_DIR; };
		0953790A24D49CEC00ECD8C2 /* Dribbble_NeumorphismApp.swift */ = {isa = PBXFileReference; lastKnownFileType = sourcecode.swift; path = Dribbble_NeumorphismApp.swift; sourceTree = "<group>"; };
		0953790C24D49CEC00ECD8C2 /* ContentView.swift */ = {isa = PBXFileReference; lastKnownFileType = sourcecode.swift; path = ContentView.swift; sourceTree = "<group>"; };
		0953790E24D49CED00ECD8C2 /* Assets.xcassets */ = {isa = PBXFileReference; lastKnownFileType = folder.assetcatalog; path = Assets.xcassets; sourceTree = "<group>"; };
		0953791124D49CED00ECD8C2 /* Preview Assets.xcassets */ = {isa = PBXFileReference; lastKnownFileType = folder.assetcatalog; path = "Preview Assets.xcassets"; sourceTree = "<group>"; };
		0953791324D49CED00ECD8C2 /* Info.plist */ = {isa = PBXFileReference; lastKnownFileType = text.plist.xml; path = Info.plist; sourceTree = "<group>"; };
		0953791824D49CEE00ECD8C2 /* Dribbble-NeumorphismTests.xctest */ = {isa = PBXFileReference; explicitFileType = wrapper.cfbundle; includeInIndex = 0; path = "Dribbble-NeumorphismTests.xctest"; sourceTree = BUILT_PRODUCTS_DIR; };
		0953791C24D49CEE00ECD8C2 /* Dribbble_NeumorphismTests.swift */ = {isa = PBXFileReference; lastKnownFileType = sourcecode.swift; path = Dribbble_NeumorphismTests.swift; sourceTree = "<group>"; };
		0953791E24D49CEE00ECD8C2 /* Info.plist */ = {isa = PBXFileReference; lastKnownFileType = text.plist.xml; path = Info.plist; sourceTree = "<group>"; };
		0953792324D49CEE00ECD8C2 /* Dribbble-NeumorphismUITests.xctest */ = {isa = PBXFileReference; explicitFileType = wrapper.cfbundle; includeInIndex = 0; path = "Dribbble-NeumorphismUITests.xctest"; sourceTree = BUILT_PRODUCTS_DIR; };
		0953792724D49CEE00ECD8C2 /* Dribbble_NeumorphismUITests.swift */ = {isa = PBXFileReference; lastKnownFileType = sourcecode.swift; path = Dribbble_NeumorphismUITests.swift; sourceTree = "<group>"; };
		0953792924D49CEE00ECD8C2 /* Info.plist */ = {isa = PBXFileReference; lastKnownFileType = text.plist.xml; path = Info.plist; sourceTree = "<group>"; };
		0953793524D8577100ECD8C2 /* TestFile.swift */ = {isa = PBXFileReference; lastKnownFileType = sourcecode.swift; path = TestFile.swift; sourceTree = "<group>"; };
		0953793724D859A800ECD8C2 /* LightSwitch.swift */ = {isa = PBXFileReference; lastKnownFileType = sourcecode.swift; path = LightSwitch.swift; sourceTree = "<group>"; };
		0953793924D85BCF00ECD8C2 /* AirConditioningButton.swift */ = {isa = PBXFileReference; lastKnownFileType = sourcecode.swift; path = AirConditioningButton.swift; sourceTree = "<group>"; };
		0953793B24D85D0F00ECD8C2 /* MoreDevices.swift */ = {isa = PBXFileReference; lastKnownFileType = sourcecode.swift; path = MoreDevices.swift; sourceTree = "<group>"; };
		0953793D24D85DED00ECD8C2 /* Scenario.swift */ = {isa = PBXFileReference; lastKnownFileType = sourcecode.swift; path = Scenario.swift; sourceTree = "<group>"; };
/* End PBXFileReference section */

/* Begin PBXFrameworksBuildPhase section */
		0953790424D49CEC00ECD8C2 /* Frameworks */ = {
			isa = PBXFrameworksBuildPhase;
			buildActionMask = 2147483647;
			files = (
			);
			runOnlyForDeploymentPostprocessing = 0;
		};
		0953791524D49CEE00ECD8C2 /* Frameworks */ = {
			isa = PBXFrameworksBuildPhase;
			buildActionMask = 2147483647;
			files = (
			);
			runOnlyForDeploymentPostprocessing = 0;
		};
		0953792024D49CEE00ECD8C2 /* Frameworks */ = {
			isa = PBXFrameworksBuildPhase;
			buildActionMask = 2147483647;
			files = (
			);
			runOnlyForDeploymentPostprocessing = 0;
		};
/* End PBXFrameworksBuildPhase section */

/* Begin PBXGroup section */
		095378FE24D49CEC00ECD8C2 = {
			isa = PBXGroup;
			children = (
				0953790924D49CEC00ECD8C2 /* Dribbble-Neumorphism */,
				0953791B24D49CEE00ECD8C2 /* Dribbble-NeumorphismTests */,
				0953792624D49CEE00ECD8C2 /* Dribbble-NeumorphismUITests */,
				0953790824D49CEC00ECD8C2 /* Products */,
			);
			sourceTree = "<group>";
		};
		0953790824D49CEC00ECD8C2 /* Products */ = {
			isa = PBXGroup;
			children = (
				0953790724D49CEC00ECD8C2 /* Dribbble-Neumorphism.app */,
				0953791824D49CEE00ECD8C2 /* Dribbble-NeumorphismTests.xctest */,
				0953792324D49CEE00ECD8C2 /* Dribbble-NeumorphismUITests.xctest */,
			);
			name = Products;
			sourceTree = "<group>";
		};
		0953790924D49CEC00ECD8C2 /* Dribbble-Neumorphism */ = {
			isa = PBXGroup;
			children = (
				0953790A24D49CEC00ECD8C2 /* Dribbble_NeumorphismApp.swift */,
				0953790C24D49CEC00ECD8C2 /* ContentView.swift */,
				0953793D24D85DED00ECD8C2 /* Scenario.swift */,
				0953793B24D85D0F00ECD8C2 /* MoreDevices.swift */,
				0953793924D85BCF00ECD8C2 /* AirConditioningButton.swift */,
				0953793724D859A800ECD8C2 /* LightSwitch.swift */,
				0953793524D8577100ECD8C2 /* TestFile.swift */,
				0953790E24D49CED00ECD8C2 /* Assets.xcassets */,
				0953791324D49CED00ECD8C2 /* Info.plist */,
				0953791024D49CED00ECD8C2 /* Preview Content */,
			);
			path = "Dribbble-Neumorphism";
			sourceTree = "<group>";
		};
		0953791024D49CED00ECD8C2 /* Preview Content */ = {
			isa = PBXGroup;
			children = (
				0953791124D49CED00ECD8C2 /* Preview Assets.xcassets */,
			);
			path = "Preview Content";
			sourceTree = "<group>";
		};
		0953791B24D49CEE00ECD8C2 /* Dribbble-NeumorphismTests */ = {
			isa = PBXGroup;
			children = (
				0953791C24D49CEE00ECD8C2 /* Dribbble_NeumorphismTests.swift */,
				0953791E24D49CEE00ECD8C2 /* Info.plist */,
			);
			path = "Dribbble-NeumorphismTests";
			sourceTree = "<group>";
		};
		0953792624D49CEE00ECD8C2 /* Dribbble-NeumorphismUITests */ = {
			isa = PBXGroup;
			children = (
				0953792724D49CEE00ECD8C2 /* Dribbble_NeumorphismUITests.swift */,
				0953792924D49CEE00ECD8C2 /* Info.plist */,
			);
			path = "Dribbble-NeumorphismUITests";
			sourceTree = "<group>";
		};
/* End PBXGroup section */

/* Begin PBXNativeTarget section */
		0953790624D49CEC00ECD8C2 /* Dribbble-Neumorphism */ = {
			isa = PBXNativeTarget;
			buildConfigurationList = 0953792C24D49CEE00ECD8C2 /* Build configuration list for PBXNativeTarget "Dribbble-Neumorphism" */;
			buildPhases = (
				0953790324D49CEC00ECD8C2 /* Sources */,
				0953790424D49CEC00ECD8C2 /* Frameworks */,
				0953790524D49CEC00ECD8C2 /* Resources */,
			);
			buildRules = (
			);
			dependencies = (
			);
			name = "Dribbble-Neumorphism";
			productName = "Dribbble-Neumorphism";
			productReference = 0953790724D49CEC00ECD8C2 /* Dribbble-Neumorphism.app */;
			productType = "com.apple.product-type.application";
		};
		0953791724D49CEE00ECD8C2 /* Dribbble-NeumorphismTests */ = {
			isa = PBXNativeTarget;
			buildConfigurationList = 0953792F24D49CEE00ECD8C2 /* Build configuration list for PBXNativeTarget "Dribbble-NeumorphismTests" */;
			buildPhases = (
				0953791424D49CEE00ECD8C2 /* Sources */,
				0953791524D49CEE00ECD8C2 /* Frameworks */,
				0953791624D49CEE00ECD8C2 /* Resources */,
			);
			buildRules = (
			);
			dependencies = (
				0953791A24D49CEE00ECD8C2 /* PBXTargetDependency */,
			);
			name = "Dribbble-NeumorphismTests";
			productName = "Dribbble-NeumorphismTests";
			productReference = 0953791824D49CEE00ECD8C2 /* Dribbble-NeumorphismTests.xctest */;
			productType = "com.apple.product-type.bundle.unit-test";
		};
		0953792224D49CEE00ECD8C2 /* Dribbble-NeumorphismUITests */ = {
			isa = PBXNativeTarget;
			buildConfigurationList = 0953793224D49CEE00ECD8C2 /* Build configuration list for PBXNativeTarget "Dribbble-NeumorphismUITests" */;
			buildPhases = (
				0953791F24D49CEE00ECD8C2 /* Sources */,
				0953792024D49CEE00ECD8C2 /* Frameworks */,
				0953792124D49CEE00ECD8C2 /* Resources */,
			);
			buildRules = (
			);
			dependencies = (
				0953792524D49CEE00ECD8C2 /* PBXTargetDependency */,
			);
			name = "Dribbble-NeumorphismUITests";
			productName = "Dribbble-NeumorphismUITests";
			productReference = 0953792324D49CEE00ECD8C2 /* Dribbble-NeumorphismUITests.xctest */;
			productType = "com.apple.product-type.bundle.ui-testing";
		};
/* End PBXNativeTarget section */

/* Begin PBXProject section */
		095378FF24D49CEC00ECD8C2 /* Project object */ = {
			isa = PBXProject;
			attributes = {
				LastSwiftUpdateCheck = 1200;
				LastUpgradeCheck = 1200;
				TargetAttributes = {
					0953790624D49CEC00ECD8C2 = {
						CreatedOnToolsVersion = 12.0;
					};
					0953791724D49CEE00ECD8C2 = {
						CreatedOnToolsVersion = 12.0;
						TestTargetID = 0953790624D49CEC00ECD8C2;
					};
					0953792224D49CEE00ECD8C2 = {
						CreatedOnToolsVersion = 12.0;
						TestTargetID = 0953790624D49CEC00ECD8C2;
					};
				};
			};
			buildConfigurationList = 0953790224D49CEC00ECD8C2 /* Build configuration list for PBXProject "Dribbble-Neumorphism" */;
			compatibilityVersion = "Xcode 9.3";
			developmentRegion = en;
			hasScannedForEncodings = 0;
			knownRegions = (
				en,
				Base,
			);
			mainGroup = 095378FE24D49CEC00ECD8C2;
			productRefGroup = 0953790824D49CEC00ECD8C2 /* Products */;
			projectDirPath = "";
			projectRoot = "";
			targets = (
				0953790624D49CEC00ECD8C2 /* Dribbble-Neumorphism */,
				0953791724D49CEE00ECD8C2 /* Dribbble-NeumorphismTests */,
				0953792224D49CEE00ECD8C2 /* Dribbble-NeumorphismUITests */,
			);
		};
/* End PBXProject section */

/* Begin PBXResourcesBuildPhase section */
		0953790524D49CEC00ECD8C2 /* Resources */ = {
			isa = PBXResourcesBuildPhase;
			buildActionMask = 2147483647;
			files = (
				0953791224D49CED00ECD8C2 /* Preview Assets.xcassets in Resources */,
				0953790F24D49CED00ECD8C2 /* Assets.xcassets in Resources */,
			);
			runOnlyForDeploymentPostprocessing = 0;
		};
		0953791624D49CEE00ECD8C2 /* Resources */ = {
			isa = PBXResourcesBuildPhase;
			buildActionMask = 2147483647;
			files = (
			);
			runOnlyForDeploymentPostprocessing = 0;
		};
		0953792124D49CEE00ECD8C2 /* Resources */ = {
			isa = PBXResourcesBuildPhase;
			buildActionMask = 2147483647;
			files = (
			);
			runOnlyForDeploymentPostprocessing = 0;
		};
/* End PBXResourcesBuildPhase section */

/* Begin PBXSourcesBuildPhase section */
		0953790324D49CEC00ECD8C2 /* Sources */ = {
			isa = PBXSourcesBuildPhase;
			buildActionMask = 2147483647;
			files = (
				0953793C24D85D0F00ECD8C2 /* MoreDevices.swift in Sources */,
				0953793624D8577200ECD8C2 /* TestFile.swift in Sources */,
				0953790D24D49CEC00ECD8C2 /* ContentView.swift in Sources */,
				0953793824D859A800ECD8C2 /* LightSwitch.swift in Sources */,
				0953793A24D85BCF00ECD8C2 /* AirConditioningButton.swift in Sources */,
				0953790B24D49CEC00ECD8C2 /* Dribbble_NeumorphismApp.swift in Sources */,
				0953793E24D85DED00ECD8C2 /* Scenario.swift in Sources */,
			);
			runOnlyForDeploymentPostprocessing = 0;
		};
		0953791424D49CEE00ECD8C2 /* Sources */ = {
			isa = PBXSourcesBuildPhase;
			buildActionMask = 2147483647;
			files = (
				0953791D24D49CEE00ECD8C2 /* Dribbble_NeumorphismTests.swift in Sources */,
			);
			runOnlyForDeploymentPostprocessing = 0;
		};
		0953791F24D49CEE00ECD8C2 /* Sources */ = {
			isa = PBXSourcesBuildPhase;
			buildActionMask = 2147483647;
			files = (
				0953792824D49CEE00ECD8C2 /* Dribbble_NeumorphismUITests.swift in Sources */,
			);
			runOnlyForDeploymentPostprocessing = 0;
		};
/* End PBXSourcesBuildPhase section */

/* Begin PBXTargetDependency section */
		0953791A24D49CEE00ECD8C2 /* PBXTargetDependency */ = {
			isa = PBXTargetDependency;
			target = 0953790624D49CEC00ECD8C2 /* Dribbble-Neumorphism */;
			targetProxy = 0953791924D49CEE00ECD8C2 /* PBXContainerItemProxy */;
		};
		0953792524D49CEE00ECD8C2 /* PBXTargetDependency */ = {
			isa = PBXTargetDependency;
			target = 0953790624D49CEC00ECD8C2 /* Dribbble-Neumorphism */;
			targetProxy = 0953792424D49CEE00ECD8C2 /* PBXContainerItemProxy */;
		};
/* End PBXTargetDependency section */

/* Begin XCBuildConfiguration section */
		0953792A24D49CEE00ECD8C2 /* Debug */ = {
			isa = XCBuildConfiguration;
			buildSettings = {
				ALWAYS_SEARCH_USER_PATHS = NO;
				CLANG_ANALYZER_NONNULL = YES;
				CLANG_ANALYZER_NUMBER_OBJECT_CONVERSION = YES_AGGRESSIVE;
				CLANG_CXX_LANGUAGE_STANDARD = "gnu++14";
				CLANG_CXX_LIBRARY = "libc++";
				CLANG_ENABLE_MODULES = YES;
				CLANG_ENABLE_OBJC_ARC = YES;
				CLANG_ENABLE_OBJC_WEAK = YES;
				CLANG_WARN_BLOCK_CAPTURE_AUTORELEASING = YES;
				CLANG_WARN_BOOL_CONVERSION = YES;
				CLANG_WARN_COMMA = YES;
				CLANG_WARN_CONSTANT_CONVERSION = YES;
				CLANG_WARN_DEPRECATED_OBJC_IMPLEMENTATIONS = YES;
				CLANG_WARN_DIRECT_OBJC_ISA_USAGE = YES_ERROR;
				CLANG_WARN_DOCUMENTATION_COMMENTS = YES;
				CLANG_WARN_EMPTY_BODY = YES;
				CLANG_WARN_ENUM_CONVERSION = YES;
				CLANG_WARN_INFINITE_RECURSION = YES;
				CLANG_WARN_INT_CONVERSION = YES;
				CLANG_WARN_NON_LITERAL_NULL_CONVERSION = YES;
				CLANG_WARN_OBJC_IMPLICIT_RETAIN_SELF = YES;
				CLANG_WARN_OBJC_LITERAL_CONVERSION = YES;
				CLANG_WARN_OBJC_ROOT_CLASS = YES_ERROR;
				CLANG_WARN_QUOTED_INCLUDE_IN_FRAMEWORK_HEADER = YES;
				CLANG_WARN_RANGE_LOOP_ANALYSIS = YES;
				CLANG_WARN_STRICT_PROTOTYPES = YES;
				CLANG_WARN_SUSPICIOUS_MOVE = YES;
				CLANG_WARN_UNGUARDED_AVAILABILITY = YES_AGGRESSIVE;
				CLANG_WARN_UNREACHABLE_CODE = YES;
				CLANG_WARN__DUPLICATE_METHOD_MATCH = YES;
				COPY_PHASE_STRIP = NO;
				DEBUG_INFORMATION_FORMAT = dwarf;
				ENABLE_STRICT_OBJC_MSGSEND = YES;
				ENABLE_TESTABILITY = YES;
				GCC_C_LANGUAGE_STANDARD = gnu11;
				GCC_DYNAMIC_NO_PIC = NO;
				GCC_NO_COMMON_BLOCKS = YES;
				GCC_OPTIMIZATION_LEVEL = 0;
				GCC_PREPROCESSOR_DEFINITIONS = (
					"DEBUG=1",
					"$(inherited)",
				);
				GCC_WARN_64_TO_32_BIT_CONVERSION = YES;
				GCC_WARN_ABOUT_RETURN_TYPE = YES_ERROR;
				GCC_WARN_UNDECLARED_SELECTOR = YES;
				GCC_WARN_UNINITIALIZED_AUTOS = YES_AGGRESSIVE;
				GCC_WARN_UNUSED_FUNCTION = YES;
				GCC_WARN_UNUSED_VARIABLE = YES;
				IPHONEOS_DEPLOYMENT_TARGET = 14.0;
				MTL_ENABLE_DEBUG_INFO = INCLUDE_SOURCE;
				MTL_FAST_MATH = YES;
				ONLY_ACTIVE_ARCH = YES;
				SDKROOT = iphoneos;
				SWIFT_ACTIVE_COMPILATION_CONDITIONS = DEBUG;
				SWIFT_OPTIMIZATION_LEVEL = "-Onone";
			};
			name = Debug;
		};
		0953792B24D49CEE00ECD8C2 /* Release */ = {
			isa = XCBuildConfiguration;
			buildSettings = {
				ALWAYS_SEARCH_USER_PATHS = NO;
				CLANG_ANALYZER_NONNULL = YES;
				CLANG_ANALYZER_NUMBER_OBJECT_CONVERSION = YES_AGGRESSIVE;
				CLANG_CXX_LANGUAGE_STANDARD = "gnu++14";
				CLANG_CXX_LIBRARY = "libc++";
				CLANG_ENABLE_MODULES = YES;
				CLANG_ENABLE_OBJC_ARC = YES;
				CLANG_ENABLE_OBJC_WEAK = YES;
				CLANG_WARN_BLOCK_CAPTURE_AUTORELEASING = YES;
				CLANG_WARN_BOOL_CONVERSION = YES;
				CLANG_WARN_COMMA = YES;
				CLANG_WARN_CONSTANT_CONVERSION = YES;
				CLANG_WARN_DEPRECATED_OBJC_IMPLEMENTATIONS = YES;
				CLANG_WARN_DIRECT_OBJC_ISA_USAGE = YES_ERROR;
				CLANG_WARN_DOCUMENTATION_COMMENTS = YES;
				CLANG_WARN_EMPTY_BODY = YES;
				CLANG_WARN_ENUM_CONVERSION = YES;
				CLANG_WARN_INFINITE_RECURSION = YES;
				CLANG_WARN_INT_CONVERSION = YES;
				CLANG_WARN_NON_LITERAL_NULL_CONVERSION = YES;
				CLANG_WARN_OBJC_IMPLICIT_RETAIN_SELF = YES;
				CLANG_WARN_OBJC_LITERAL_CONVERSION = YES;
				CLANG_WARN_OBJC_ROOT_CLASS = YES_ERROR;
				CLANG_WARN_QUOTED_INCLUDE_IN_FRAMEWORK_HEADER = YES;
				CLANG_WARN_RANGE_LOOP_ANALYSIS = YES;
				CLANG_WARN_STRICT_PROTOTYPES = YES;
				CLANG_WARN_SUSPICIOUS_MOVE = YES;
				CLANG_WARN_UNGUARDED_AVAILABILITY = YES_AGGRESSIVE;
				CLANG_WARN_UNREACHABLE_CODE = YES;
				CLANG_WARN__DUPLICATE_METHOD_MATCH = YES;
				COPY_PHASE_STRIP = NO;
				DEBUG_INFORMATION_FORMAT = "dwarf-with-dsym";
				ENABLE_NS_ASSERTIONS = NO;
				ENABLE_STRICT_OBJC_MSGSEND = YES;
				GCC_C_LANGUAGE_STANDARD = gnu11;
				GCC_NO_COMMON_BLOCKS = YES;
				GCC_WARN_64_TO_32_BIT_CONVERSION = YES;
				GCC_WARN_ABOUT_RETURN_TYPE = YES_ERROR;
				GCC_WARN_UNDECLARED_SELECTOR = YES;
				GCC_WARN_UNINITIALIZED_AUTOS = YES_AGGRESSIVE;
				GCC_WARN_UNUSED_FUNCTION = YES;
				GCC_WARN_UNUSED_VARIABLE = YES;
				IPHONEOS_DEPLOYMENT_TARGET = 14.0;
				MTL_ENABLE_DEBUG_INFO = NO;
				MTL_FAST_MATH = YES;
				SDKROOT = iphoneos;
				SWIFT_COMPILATION_MODE = wholemodule;
				SWIFT_OPTIMIZATION_LEVEL = "-O";
				VALIDATE_PRODUCT = YES;
			};
			name = Release;
		};
		0953792D24D49CEE00ECD8C2 /* Debug */ = {
			isa = XCBuildConfiguration;
			buildSettings = {
				ASSETCATALOG_COMPILER_APPICON_NAME = AppIcon;
				ASSETCATALOG_COMPILER_GLOBAL_ACCENT_COLOR_NAME = AccentColor;
				CODE_SIGN_STYLE = Automatic;
				DEVELOPMENT_ASSET_PATHS = "\"Dribbble-Neumorphism/Preview Content\"";
				DEVELOPMENT_TEAM = 4F95F96C4N;
				ENABLE_PREVIEWS = YES;
				INFOPLIST_FILE = "Dribbble-Neumorphism/Info.plist";
				IPHONEOS_DEPLOYMENT_TARGET = 14.0;
				LD_RUNPATH_SEARCH_PATHS = (
					"$(inherited)",
					"@executable_path/Frameworks",
				);
				PRODUCT_BUNDLE_IDENTIFIER = "SauceDesigns.Dribbble-Neumorphism";
				PRODUCT_NAME = "$(TARGET_NAME)";
				SWIFT_VERSION = 5.0;
				TARGETED_DEVICE_FAMILY = "1,2";
			};
			name = Debug;
		};
		0953792E24D49CEE00ECD8C2 /* Release */ = {
			isa = XCBuildConfiguration;
			buildSettings = {
				ASSETCATALOG_COMPILER_APPICON_NAME = AppIcon;
				ASSETCATALOG_COMPILER_GLOBAL_ACCENT_COLOR_NAME = AccentColor;
				CODE_SIGN_STYLE = Automatic;
				DEVELOPMENT_ASSET_PATHS = "\"Dribbble-Neumorphism/Preview Content\"";
				DEVELOPMENT_TEAM = 4F95F96C4N;
				ENABLE_PREVIEWS = YES;
				INFOPLIST_FILE = "Dribbble-Neumorphism/Info.plist";
				IPHONEOS_DEPLOYMENT_TARGET = 14.0;
				LD_RUNPATH_SEARCH_PATHS = (
					"$(inherited)",
					"@executable_path/Frameworks",
				);
				PRODUCT_BUNDLE_IDENTIFIER = "SauceDesigns.Dribbble-Neumorphism";
				PRODUCT_NAME = "$(TARGET_NAME)";
				SWIFT_VERSION = 5.0;
				TARGETED_DEVICE_FAMILY = "1,2";
			};
			name = Release;
		};
		0953793024D49CEE00ECD8C2 /* Debug */ = {
			isa = XCBuildConfiguration;
			buildSettings = {
				ALWAYS_EMBED_SWIFT_STANDARD_LIBRARIES = YES;
				BUNDLE_LOADER = "$(TEST_HOST)";
				CODE_SIGN_STYLE = Automatic;
				DEVELOPMENT_TEAM = 4F95F96C4N;
				INFOPLIST_FILE = "Dribbble-NeumorphismTests/Info.plist";
				IPHONEOS_DEPLOYMENT_TARGET = 14.0;
				LD_RUNPATH_SEARCH_PATHS = (
					"$(inherited)",
					"@executable_path/Frameworks",
					"@loader_path/Frameworks",
				);
				PRODUCT_BUNDLE_IDENTIFIER = "SauceDesigns.Dribbble-NeumorphismTests";
				PRODUCT_NAME = "$(TARGET_NAME)";
				SWIFT_VERSION = 5.0;
				TARGETED_DEVICE_FAMILY = "1,2";
				TEST_HOST = "$(BUILT_PRODUCTS_DIR)/Dribbble-Neumorphism.app/Dribbble-Neumorphism";
			};
			name = Debug;
		};
		0953793124D49CEE00ECD8C2 /* Release */ = {
			isa = XCBuildConfiguration;
			buildSettings = {
				ALWAYS_EMBED_SWIFT_STANDARD_LIBRARIES = YES;
				BUNDLE_LOADER = "$(TEST_HOST)";
				CODE_SIGN_STYLE = Automatic;
				DEVELOPMENT_TEAM = 4F95F96C4N;
				INFOPLIST_FILE = "Dribbble-NeumorphismTests/Info.plist";
				IPHONEOS_DEPLOYMENT_TARGET = 14.0;
				LD_RUNPATH_SEARCH_PATHS = (
					"$(inherited)",
					"@executable_path/Frameworks",
					"@loader_path/Frameworks",
				);
				PRODUCT_BUNDLE_IDENTIFIER = "SauceDesigns.Dribbble-NeumorphismTests";
				PRODUCT_NAME = "$(TARGET_NAME)";
				SWIFT_VERSION = 5.0;
				TARGETED_DEVICE_FAMILY = "1,2";
				TEST_HOST = "$(BUILT_PRODUCTS_DIR)/Dribbble-Neumorphism.app/Dribbble-Neumorphism";
			};
			name = Release;
		};
		0953793324D49CEE00ECD8C2 /* Debug */ = {
			isa = XCBuildConfiguration;
			buildSettings = {
				ALWAYS_EMBED_SWIFT_STANDARD_LIBRARIES = YES;
				CODE_SIGN_STYLE = Automatic;
				DEVELOPMENT_TEAM = 4F95F96C4N;
				INFOPLIST_FILE = "Dribbble-NeumorphismUITests/Info.plist";
				LD_RUNPATH_SEARCH_PATHS = (
					"$(inherited)",
					"@executable_path/Frameworks",
					"@loader_path/Frameworks",
				);
				PRODUCT_BUNDLE_IDENTIFIER = "SauceDesigns.Dribbble-NeumorphismUITests";
				PRODUCT_NAME = "$(TARGET_NAME)";
				SWIFT_VERSION = 5.0;
				TARGETED_DEVICE_FAMILY = "1,2";
				TEST_TARGET_NAME = "Dribbble-Neumorphism";
			};
			name = Debug;
		};
		0953793424D49CEE00ECD8C2 /* Release */ = {
			isa = XCBuildConfiguration;
			buildSettings = {
				ALWAYS_EMBED_SWIFT_STANDARD_LIBRARIES = YES;
				CODE_SIGN_STYLE = Automatic;
				DEVELOPMENT_TEAM = 4F95F96C4N;
				INFOPLIST_FILE = "Dribbble-NeumorphismUITests/Info.plist";
				LD_RUNPATH_SEARCH_PATHS = (
					"$(inherited)",
					"@executable_path/Frameworks",
					"@loader_path/Frameworks",
				);
				PRODUCT_BUNDLE_IDENTIFIER = "SauceDesigns.Dribbble-NeumorphismUITests";
				PRODUCT_NAME = "$(TARGET_NAME)";
				SWIFT_VERSION = 5.0;
				TARGETED_DEVICE_FAMILY = "1,2";
				TEST_TARGET_NAME = "Dribbble-Neumorphism";
			};
			name = Release;
		};
/* End XCBuildConfiguration section */

/* Begin XCConfigurationList section */
		0953790224D49CEC00ECD8C2 /* Build configuration list for PBXProject "Dribbble-Neumorphism" */ = {
			isa = XCConfigurationList;
			buildConfigurations = (
				0953792A24D49CEE00ECD8C2 /* Debug */,
				0953792B24D49CEE00ECD8C2 /* Release */,
			);
			defaultConfigurationIsVisible = 0;
			defaultConfigurationName = Release;
		};
		0953792C24D49CEE00ECD8C2 /* Build configuration list for PBXNativeTarget "Dribbble-Neumorphism" */ = {
			isa = XCConfigurationList;
			buildConfigurations = (
				0953792D24D49CEE00ECD8C2 /* Debug */,
				0953792E24D49CEE00ECD8C2 /* Release */,
			);
			defaultConfigurationIsVisible = 0;
			defaultConfigurationName = Release;
		};
		0953792F24D49CEE00ECD8C2 /* Build configuration list for PBXNativeTarget "Dribbble-NeumorphismTests" */ = {
			isa = XCConfigurationList;
			buildConfigurations = (
				0953793024D49CEE00ECD8C2 /* Debug */,
				0953793124D49CEE00ECD8C2 /* Release */,
			);
			defaultConfigurationIsVisible = 0;
			defaultConfigurationName = Release;
		};
		0953793224D49CEE00ECD8C2 /* Build configuration list for PBXNativeTarget "Dribbble-NeumorphismUITests" */ = {
			isa = XCConfigurationList;
			buildConfigurations = (
				0953793324D49CEE00ECD8C2 /* Debug */,
				0953793424D49CEE00ECD8C2 /* Release */,
			);
			defaultConfigurationIsVisible = 0;
			defaultConfigurationName = Release;
		};
/* End XCConfigurationList section */
	};
	rootObject = 095378FF24D49CEC00ECD8C2 /* Project object */;
}
